
Microsoft Visual Studio Solution File, Format Version 12.00
# Visual Studio Version 16
VisualStudioVersion = 16.0.31515.178
MinimumVisualStudioVersion = 10.0.40219.1
Project("{2150E333-8FDC-42A3-9474-1A3956D46DE8}") = "Src", "Src", "{7CD948AD-CF2C-495D-AD82-2ADCEAD5277E}"
EndProject
Project("{2150E333-8FDC-42A3-9474-1A3956D46DE8}") = "Core", "Core", "{3F4ADBFF-45DF-4252-9048-A46560B44F6B}"
EndProject
Project("{2150E333-8FDC-42A3-9474-1A3956D46DE8}") = "Infrastructure", "Infrastructure", "{3C50D04D-CCBA-4CAD-956B-A123800088A3}"
EndProject
Project("{2150E333-8FDC-42A3-9474-1A3956D46DE8}") = "Presentation", "Presentation", "{D466EB9D-3433-42AA-894F-56C98E7E61DA}"
EndProject
Project("{FAE04EC0-301F-11D3-BF4B-00C04F79EFBC}") = "HCE.WebAPI", "HCE.WebAPI\HCE.WebAPI.csproj", "{170D4A0E-E109-4207-A6FA-0DE19CE90658}"
EndProject
Project("{FAE04EC0-301F-11D3-BF4B-00C04F79EFBC}") = "HCE.BackgroundService", "HCE.BackgroundService\HCE.BackgroundService.csproj", "{78CE0802-6067-4C45-AAD1-4DC8B158A0EE}"
EndProject
Project("{FAE04EC0-301F-11D3-BF4B-00C04F79EFBC}") = "HCE.Persistence", "HCE.Persistence\HCE.Persistence.csproj", "{B8F36FE5-9141-4B99-A60B-9A3D7F41543B}"
EndProject
Project("{FAE04EC0-301F-11D3-BF4B-00C04F79EFBC}") = "HCE.Application", "HCE.Application\HCE.Application.csproj", "{82149907-BAFE-48D0-8E19-B11C881758FB}"
EndProject
Project("{FAE04EC0-301F-11D3-BF4B-00C04F79EFBC}") = "HCE.Domain", "HCE.Domain\HCE.Domain.csproj", "{77A02E06-A242-42C8-AA3F-38D891A83AD9}"
EndProject
Project("{FAE04EC0-301F-11D3-BF4B-00C04F79EFBC}") = "HCE.Interfaces", "HCE.Interfaces\HCE.Interfaces.csproj", "{D9178660-114C-41FB-AFDA-A7DF400E5180}"
EndProject
Project("{FAE04EC0-301F-11D3-BF4B-00C04F79EFBC}") = "HCE.Resource", "HCE.Resource\HCE.Resource.csproj", "{CF8DF521-2B38-43A0-9384-7322D5480837}"
EndProject
Project("{FAE04EC0-301F-11D3-BF4B-00C04F79EFBC}") = "HCE.Utility", "HCE.Utility\HCE.Utility.csproj", "{24ED7C54-05D8-4003-858F-5A578614D481}"
EndProject
Global
	GlobalSection(SolutionConfigurationPlatforms) = preSolution
		Debug|Any CPU = Debug|Any CPU
		Release|Any CPU = Release|Any CPU
	EndGlobalSection
	GlobalSection(ProjectConfigurationPlatforms) = postSolution
		{170D4A0E-E109-4207-A6FA-0DE19CE90658}.Debug|Any CPU.ActiveCfg = Debug|Any CPU
		{170D4A0E-E109-4207-A6FA-0DE19CE90658}.Debug|Any CPU.Build.0 = Debug|Any CPU
		{170D4A0E-E109-4207-A6FA-0DE19CE90658}.Release|Any CPU.ActiveCfg = Release|Any CPU
		{170D4A0E-E109-4207-A6FA-0DE19CE90658}.Release|Any CPU.Build.0 = Release|Any CPU
		{78CE0802-6067-4C45-AAD1-4DC8B158A0EE}.Debug|Any CPU.ActiveCfg = Debug|Any CPU
		{78CE0802-6067-4C45-AAD1-4DC8B158A0EE}.Debug|Any CPU.Build.0 = Debug|Any CPU
		{78CE0802-6067-4C45-AAD1-4DC8B158A0EE}.Release|Any CPU.ActiveCfg = Release|Any CPU
		{78CE0802-6067-4C45-AAD1-4DC8B158A0EE}.Release|Any CPU.Build.0 = Release|Any CPU
		{B8F36FE5-9141-4B99-A60B-9A3D7F41543B}.Debug|Any CPU.ActiveCfg = Debug|Any CPU
		{B8F36FE5-9141-4B99-A60B-9A3D7F41543B}.Debug|Any CPU.Build.0 = Debug|Any CPU
		{B8F36FE5-9141-4B99-A60B-9A3D7F41543B}.Release|Any CPU.ActiveCfg = Release|Any CPU
		{B8F36FE5-9141-4B99-A60B-9A3D7F41543B}.Release|Any CPU.Build.0 = Release|Any CPU
		{82149907-BAFE-48D0-8E19-B11C881758FB}.Debug|Any CPU.ActiveCfg = Debug|Any CPU
		{82149907-BAFE-48D0-8E19-B11C881758FB}.Debug|Any CPU.Build.0 = Debug|Any CPU
		{82149907-BAFE-48D0-8E19-B11C881758FB}.Release|Any CPU.ActiveCfg = Release|Any CPU
		{82149907-BAFE-48D0-8E19-B11C881758FB}.Release|Any CPU.Build.0 = Release|Any CPU
		{77A02E06-A242-42C8-AA3F-38D891A83AD9}.Debug|Any CPU.ActiveCfg = Debug|Any CPU
		{77A02E06-A242-42C8-AA3F-38D891A83AD9}.Debug|Any CPU.Build.0 = Debug|Any CPU
		{77A02E06-A242-42C8-AA3F-38D891A83AD9}.Release|Any CPU.ActiveCfg = Release|Any CPU
		{77A02E06-A242-42C8-AA3F-38D891A83AD9}.Release|Any CPU.Build.0 = Release|Any CPU
		{D9178660-114C-41FB-AFDA-A7DF400E5180}.Debug|Any CPU.ActiveCfg = Debug|Any CPU
		{D9178660-114C-41FB-AFDA-A7DF400E5180}.Debug|Any CPU.Build.0 = Debug|Any CPU
		{D9178660-114C-41FB-AFDA-A7DF400E5180}.Release|Any CPU.ActiveCfg = Release|Any CPU
		{D9178660-114C-41FB-AFDA-A7DF400E5180}.Release|Any CPU.Build.0 = Release|Any CPU
		{CF8DF521-2B38-43A0-9384-7322D5480837}.Debug|Any CPU.ActiveCfg = Debug|Any CPU
		{CF8DF521-2B38-43A0-9384-7322D5480837}.Debug|Any CPU.Build.0 = Debug|Any CPU
		{CF8DF521-2B38-43A0-9384-7322D5480837}.Release|Any CPU.ActiveCfg = Release|Any CPU
		{CF8DF521-2B38-43A0-9384-7322D5480837}.Release|Any CPU.Build.0 = Release|Any CPU
		{24ED7C54-05D8-4003-858F-5A578614D481}.Debug|Any CPU.ActiveCfg = Debug|Any CPU
		{24ED7C54-05D8-4003-858F-5A578614D481}.Debug|Any CPU.Build.0 = Debug|Any CPU
		{24ED7C54-05D8-4003-858F-5A578614D481}.Release|Any CPU.ActiveCfg = Release|Any CPU
		{24ED7C54-05D8-4003-858F-5A578614D481}.Release|Any CPU.Build.0 = Release|Any CPU
	EndGlobalSection
	GlobalSection(SolutionProperties) = preSolution
		HideSolutionNode = FALSE
	EndGlobalSection
	GlobalSection(NestedProjects) = preSolution
		{3F4ADBFF-45DF-4252-9048-A46560B44F6B} = {7CD948AD-CF2C-495D-AD82-2ADCEAD5277E}
		{3C50D04D-CCBA-4CAD-956B-A123800088A3} = {7CD948AD-CF2C-495D-AD82-2ADCEAD5277E}
		{D466EB9D-3433-42AA-894F-56C98E7E61DA} = {7CD948AD-CF2C-495D-AD82-2ADCEAD5277E}
		{170D4A0E-E109-4207-A6FA-0DE19CE90658} = {D466EB9D-3433-42AA-894F-56C98E7E61DA}
		{78CE0802-6067-4C45-AAD1-4DC8B158A0EE} = {3C50D04D-CCBA-4CAD-956B-A123800088A3}
		{B8F36FE5-9141-4B99-A60B-9A3D7F41543B} = {3C50D04D-CCBA-4CAD-956B-A123800088A3}
		{82149907-BAFE-48D0-8E19-B11C881758FB} = {3F4ADBFF-45DF-4252-9048-A46560B44F6B}
		{77A02E06-A242-42C8-AA3F-38D891A83AD9} = {3F4ADBFF-45DF-4252-9048-A46560B44F6B}
		{D9178660-114C-41FB-AFDA-A7DF400E5180} = {3F4ADBFF-45DF-4252-9048-A46560B44F6B}
		{CF8DF521-2B38-43A0-9384-7322D5480837} = {3F4ADBFF-45DF-4252-9048-A46560B44F6B}
		{24ED7C54-05D8-4003-858F-5A578614D481} = {3F4ADBFF-45DF-4252-9048-A46560B44F6B}
	EndGlobalSection
	GlobalSection(ExtensibilityGlobals) = postSolution
		SolutionGuid = {56EDAAE5-D854-482A-806A-9FD498501439}
	EndGlobalSection
EndGlobal
